
Microsoft Visual Studio Solution File, Format Version 12.00
# Visual Studio 14
VisualStudioVersion = 14.0.25420.1
MinimumVisualStudioVersion = 10.0.40219.1
Project("{FAE04EC0-301F-11D3-BF4B-00C04F79EFBC}") = "PalindromoTests", "PalindromoTests\PalindromoTests.csproj", "{B4D656B6-D868-44F5-A3E7-C4934A88B79B}"
EndProject
Project("{FAE04EC0-301F-11D3-BF4B-00C04F79EFBC}") = "PalindromoPrj", "Palindromo\PalindromoPrj.csproj", "{20FA158D-532D-4ED3-9873-D1A5E08490E4}"
EndProject
Project("{2150E333-8FDC-42A3-9474-1A3956D46DE8}") = "Leilao", "Leilao", "{DB169278-DF0D-4561-A807-BA4105FEEA38}"
EndProject
Project("{2150E333-8FDC-42A3-9474-1A3956D46DE8}") = "Palindromo", "Palindromo", "{A78675A9-96A3-4060-8FAF-85750F3A502E}"
EndProject
Project("{2150E333-8FDC-42A3-9474-1A3956D46DE8}") = "Conta", "Conta", "{ABDEECDD-3F71-4BC7-8C30-94305FBE5E09}"
EndProject
Project("{FAE04EC0-301F-11D3-BF4B-00C04F79EFBC}") = "ContaMaluca", "ContaMaluca\ContaMaluca.csproj", "{B2B44544-D26B-43ED-AA5D-D9034DB651E5}"
EndProject
Project("{FAE04EC0-301F-11D3-BF4B-00C04F79EFBC}") = "ContaMalucaTests", "ContaMalucaTests\ContaMalucaTests.csproj", "{9E8BD035-EB81-4AC0-89A8-CC13D6B45A22}"
EndProject
Project("{FAE04EC0-301F-11D3-BF4B-00C04F79EFBC}") = "LeilaoPrj", "Leilao\LeilaoPrj.csproj", "{698BC183-31DE-4100-BB66-BE9DB06F292F}"
EndProject
Project("{FAE04EC0-301F-11D3-BF4B-00C04F79EFBC}") = "LeilaoTests", "LeilaoTests\LeilaoTests.csproj", "{2617A08C-65C2-406F-B764-5625AADAD080}"
EndProject
Project("{FAE04EC0-301F-11D3-BF4B-00C04F79EFBC}") = "NotaFiscalPrj", "NotaFiscal\NotaFiscalPrj.csproj", "{2D3C9FDE-AE4F-4990-8169-1A6AB7F42405}"
EndProject
Project("{2150E333-8FDC-42A3-9474-1A3956D46DE8}") = "NotaFiscal", "NotaFiscal", "{9BDB09BE-9EAF-47E1-A3CB-0AA6D303A21A}"
EndProject
Project("{FAE04EC0-301F-11D3-BF4B-00C04F79EFBC}") = "NotaFiscalPrjTests", "CalculoNotaFiscalTests\NotaFiscalPrjTests.csproj", "{EFC91D92-A426-4407-B19E-76F7EDE4197D}"
EndProject
Project("{2150E333-8FDC-42A3-9474-1A3956D46DE8}") = "AnoBisexto", "AnoBisexto", "{437B0A38-ACF8-4440-99B5-804197124F21}"
EndProject
Project("{FAE04EC0-301F-11D3-BF4B-00C04F79EFBC}") = "AnoBisextoTests", "AnoBisextoTests\AnoBisextoTests.csproj", "{B56E5BE1-DDA2-41CF-8397-6F12DBC791CF}"
EndProject
Project("{FAE04EC0-301F-11D3-BF4B-00C04F79EFBC}") = "AnoBisextoPrj", "AnoBisextoPrj\AnoBisextoPrj.csproj", "{6AD40CFE-C863-4E5E-8A8D-123D11A7FC22}"
EndProject
Global
	GlobalSection(SolutionConfigurationPlatforms) = preSolution
		Debug|Any CPU = Debug|Any CPU
		Release|Any CPU = Release|Any CPU
	EndGlobalSection
	GlobalSection(ProjectConfigurationPlatforms) = postSolution
		{B4D656B6-D868-44F5-A3E7-C4934A88B79B}.Debug|Any CPU.ActiveCfg = Debug|Any CPU
		{B4D656B6-D868-44F5-A3E7-C4934A88B79B}.Debug|Any CPU.Build.0 = Debug|Any CPU
		{B4D656B6-D868-44F5-A3E7-C4934A88B79B}.Release|Any CPU.ActiveCfg = Release|Any CPU
		{B4D656B6-D868-44F5-A3E7-C4934A88B79B}.Release|Any CPU.Build.0 = Release|Any CPU
		{20FA158D-532D-4ED3-9873-D1A5E08490E4}.Debug|Any CPU.ActiveCfg = Debug|Any CPU
		{20FA158D-532D-4ED3-9873-D1A5E08490E4}.Debug|Any CPU.Build.0 = Debug|Any CPU
		{20FA158D-532D-4ED3-9873-D1A5E08490E4}.Release|Any CPU.ActiveCfg = Release|Any CPU
		{20FA158D-532D-4ED3-9873-D1A5E08490E4}.Release|Any CPU.Build.0 = Release|Any CPU
		{B2B44544-D26B-43ED-AA5D-D9034DB651E5}.Debug|Any CPU.ActiveCfg = Debug|Any CPU
		{B2B44544-D26B-43ED-AA5D-D9034DB651E5}.Debug|Any CPU.Build.0 = Debug|Any CPU
		{B2B44544-D26B-43ED-AA5D-D9034DB651E5}.Release|Any CPU.ActiveCfg = Release|Any CPU
		{B2B44544-D26B-43ED-AA5D-D9034DB651E5}.Release|Any CPU.Build.0 = Release|Any CPU
		{9E8BD035-EB81-4AC0-89A8-CC13D6B45A22}.Debug|Any CPU.ActiveCfg = Debug|Any CPU
		{9E8BD035-EB81-4AC0-89A8-CC13D6B45A22}.Debug|Any CPU.Build.0 = Debug|Any CPU
		{9E8BD035-EB81-4AC0-89A8-CC13D6B45A22}.Release|Any CPU.ActiveCfg = Release|Any CPU
		{9E8BD035-EB81-4AC0-89A8-CC13D6B45A22}.Release|Any CPU.Build.0 = Release|Any CPU
		{698BC183-31DE-4100-BB66-BE9DB06F292F}.Debug|Any CPU.ActiveCfg = Debug|Any CPU
		{698BC183-31DE-4100-BB66-BE9DB06F292F}.Debug|Any CPU.Build.0 = Debug|Any CPU
		{698BC183-31DE-4100-BB66-BE9DB06F292F}.Release|Any CPU.ActiveCfg = Release|Any CPU
		{698BC183-31DE-4100-BB66-BE9DB06F292F}.Release|Any CPU.Build.0 = Release|Any CPU
		{2617A08C-65C2-406F-B764-5625AADAD080}.Debug|Any CPU.ActiveCfg = Debug|Any CPU
		{2617A08C-65C2-406F-B764-5625AADAD080}.Debug|Any CPU.Build.0 = Debug|Any CPU
		{2617A08C-65C2-406F-B764-5625AADAD080}.Release|Any CPU.ActiveCfg = Release|Any CPU
		{2617A08C-65C2-406F-B764-5625AADAD080}.Release|Any CPU.Build.0 = Release|Any CPU
		{2D3C9FDE-AE4F-4990-8169-1A6AB7F42405}.Debug|Any CPU.ActiveCfg = Debug|Any CPU
		{2D3C9FDE-AE4F-4990-8169-1A6AB7F42405}.Debug|Any CPU.Build.0 = Debug|Any CPU
		{2D3C9FDE-AE4F-4990-8169-1A6AB7F42405}.Release|Any CPU.ActiveCfg = Release|Any CPU
		{2D3C9FDE-AE4F-4990-8169-1A6AB7F42405}.Release|Any CPU.Build.0 = Release|Any CPU
		{EFC91D92-A426-4407-B19E-76F7EDE4197D}.Debug|Any CPU.ActiveCfg = Debug|Any CPU
		{EFC91D92-A426-4407-B19E-76F7EDE4197D}.Debug|Any CPU.Build.0 = Debug|Any CPU
		{EFC91D92-A426-4407-B19E-76F7EDE4197D}.Release|Any CPU.ActiveCfg = Release|Any CPU
		{EFC91D92-A426-4407-B19E-76F7EDE4197D}.Release|Any CPU.Build.0 = Release|Any CPU
		{B56E5BE1-DDA2-41CF-8397-6F12DBC791CF}.Debug|Any CPU.ActiveCfg = Debug|Any CPU
		{B56E5BE1-DDA2-41CF-8397-6F12DBC791CF}.Debug|Any CPU.Build.0 = Debug|Any CPU
		{B56E5BE1-DDA2-41CF-8397-6F12DBC791CF}.Release|Any CPU.ActiveCfg = Release|Any CPU
		{B56E5BE1-DDA2-41CF-8397-6F12DBC791CF}.Release|Any CPU.Build.0 = Release|Any CPU
		{6AD40CFE-C863-4E5E-8A8D-123D11A7FC22}.Debug|Any CPU.ActiveCfg = Debug|Any CPU
		{6AD40CFE-C863-4E5E-8A8D-123D11A7FC22}.Debug|Any CPU.Build.0 = Debug|Any CPU
		{6AD40CFE-C863-4E5E-8A8D-123D11A7FC22}.Release|Any CPU.ActiveCfg = Release|Any CPU
		{6AD40CFE-C863-4E5E-8A8D-123D11A7FC22}.Release|Any CPU.Build.0 = Release|Any CPU
	EndGlobalSection
	GlobalSection(SolutionProperties) = preSolution
		HideSolutionNode = FALSE
	EndGlobalSection
	GlobalSection(NestedProjects) = preSolution
		{B4D656B6-D868-44F5-A3E7-C4934A88B79B} = {A78675A9-96A3-4060-8FAF-85750F3A502E}
		{20FA158D-532D-4ED3-9873-D1A5E08490E4} = {A78675A9-96A3-4060-8FAF-85750F3A502E}
		{B2B44544-D26B-43ED-AA5D-D9034DB651E5} = {ABDEECDD-3F71-4BC7-8C30-94305FBE5E09}
		{9E8BD035-EB81-4AC0-89A8-CC13D6B45A22} = {ABDEECDD-3F71-4BC7-8C30-94305FBE5E09}
		{698BC183-31DE-4100-BB66-BE9DB06F292F} = {DB169278-DF0D-4561-A807-BA4105FEEA38}
		{2617A08C-65C2-406F-B764-5625AADAD080} = {DB169278-DF0D-4561-A807-BA4105FEEA38}
		{2D3C9FDE-AE4F-4990-8169-1A6AB7F42405} = {9BDB09BE-9EAF-47E1-A3CB-0AA6D303A21A}
		{EFC91D92-A426-4407-B19E-76F7EDE4197D} = {9BDB09BE-9EAF-47E1-A3CB-0AA6D303A21A}
		{B56E5BE1-DDA2-41CF-8397-6F12DBC791CF} = {437B0A38-ACF8-4440-99B5-804197124F21}
		{6AD40CFE-C863-4E5E-8A8D-123D11A7FC22} = {437B0A38-ACF8-4440-99B5-804197124F21}
	EndGlobalSection
EndGlobal
